
Microsoft Visual Studio Solution File, Format Version 12.00
# Visual Studio 14
VisualStudioVersion = 14.0.25420.1
MinimumVisualStudioVersion = 10.0.40219.1
Project("{FAE04EC0-301F-11D3-BF4B-00C04F79EFBC}") = "GUI", "ezshare\GUI.csproj", "{DA91525A-D66E-431B-83FD-C1A84E226728}"
EndProject
Project("{F088123C-0E9E-452A-89E6-6BA2F21D5CAC}") = "Model", "Model\Model.modelproj", "{E0C4B867-CC3F-49B4-BFB6-0E55E5D10D69}"
EndProject
Project("{FAE04EC0-301F-11D3-BF4B-00C04F79EFBC}") = "ModelLib", "ModelLib\ModelLib.csproj", "{4756A059-3BEA-4F6E-B543-89D98D42E18B}"
EndProject
Global
	GlobalSection(SolutionConfigurationPlatforms) = preSolution
		Debug|Any CPU = Debug|Any CPU
		Release|Any CPU = Release|Any CPU
	EndGlobalSection
	GlobalSection(ProjectConfigurationPlatforms) = postSolution
		{DA91525A-D66E-431B-83FD-C1A84E226728}.Debug|Any CPU.ActiveCfg = Debug|Any CPU
		{DA91525A-D66E-431B-83FD-C1A84E226728}.Debug|Any CPU.Build.0 = Debug|Any CPU
		{DA91525A-D66E-431B-83FD-C1A84E226728}.Release|Any CPU.ActiveCfg = Release|Any CPU
		{DA91525A-D66E-431B-83FD-C1A84E226728}.Release|Any CPU.Build.0 = Release|Any CPU
		{E0C4B867-CC3F-49B4-BFB6-0E55E5D10D69}.Debug|Any CPU.ActiveCfg = Debug|Any CPU
		{E0C4B867-CC3F-49B4-BFB6-0E55E5D10D69}.Debug|Any CPU.Build.0 = Debug|Any CPU
		{E0C4B867-CC3F-49B4-BFB6-0E55E5D10D69}.Release|Any CPU.ActiveCfg = Release|Any CPU
		{E0C4B867-CC3F-49B4-BFB6-0E55E5D10D69}.Release|Any CPU.Build.0 = Release|Any CPU
		{4756A059-3BEA-4F6E-B543-89D98D42E18B}.Debug|Any CPU.ActiveCfg = Debug|Any CPU
		{4756A059-3BEA-4F6E-B543-89D98D42E18B}.Debug|Any CPU.Build.0 = Debug|Any CPU
		{4756A059-3BEA-4F6E-B543-89D98D42E18B}.Release|Any CPU.ActiveCfg = Release|Any CPU
		{4756A059-3BEA-4F6E-B543-89D98D42E18B}.Release|Any CPU.Build.0 = Release|Any CPU
	EndGlobalSection
	GlobalSection(SolutionProperties) = preSolution
		HideSolutionNode = FALSE
	EndGlobalSection
EndGlobal
